// !$*UTF8*$!
{
	archiveVersion = 1;
	classes = {
	};
	objectVersion = 46;
	objects = {

/* Begin PBXBuildFile section */
		7A00D8571C3A1C4800FA1077 /* main.m in Sources */ = {isa = PBXBuildFile; fileRef = 7A00D8561C3A1C4800FA1077 /* main.m */; };
		7A00D85A1C3A1C4800FA1077 /* AppDelegate.m in Sources */ = {isa = PBXBuildFile; fileRef = 7A00D8591C3A1C4800FA1077 /* AppDelegate.m */; };
		7A00D85C1C3A1C4800FA1077 /* Assets.xcassets in Resources */ = {isa = PBXBuildFile; fileRef = 7A00D85B1C3A1C4800FA1077 /* Assets.xcassets */; };
		7A00D85F1C3A1C4800FA1077 /* LaunchScreen.storyboard in Resources */ = {isa = PBXBuildFile; fileRef = 7A00D85D1C3A1C4800FA1077 /* LaunchScreen.storyboard */; };
		7A00D88F1C3A4E4100FA1077 /* DiscoverViewController.m in Sources */ = {isa = PBXBuildFile; fileRef = 7A00D8801C3A4E4100FA1077 /* DiscoverViewController.m */; };
		7A00D8901C3A4E4100FA1077 /* MainViewController.m in Sources */ = {isa = PBXBuildFile; fileRef = 7A00D8861C3A4E4100FA1077 /* MainViewController.m */; };
		7A00D8911C3A4E4100FA1077 /* MineViewController.m in Sources */ = {isa = PBXBuildFile; fileRef = 7A00D88C1C3A4E4100FA1077 /* MineViewController.m */; };
		7A00D8971C3A50A300FA1077 /* Main.Storyboard in Resources */ = {isa = PBXBuildFile; fileRef = 7A00D8961C3A50A300FA1077 /* Main.Storyboard */; };
		7A00D8991C3A50BD00FA1077 /* Discover.Storyboard in Resources */ = {isa = PBXBuildFile; fileRef = 7A00D8981C3A50BD00FA1077 /* Discover.Storyboard */; };
		7A00D89D1C3A50D500FA1077 /* Mine.Storyboard in Resources */ = {isa = PBXBuildFile; fileRef = 7A00D89C1C3A50D500FA1077 /* Mine.Storyboard */; };
		9ECE9887F40BDA70131CCABC /* libPods.a in Frameworks */ = {isa = PBXBuildFile; fileRef = 0231E9CDD6F1199837462202 /* libPods.a */; };
/* End PBXBuildFile section */

/* Begin PBXFileReference section */
		0231E9CDD6F1199837462202 /* libPods.a */ = {isa = PBXFileReference; explicitFileType = archive.ar; includeInIndex = 0; path = libPods.a; sourceTree = BUILT_PRODUCTS_DIR; };
		178F65ED557D70289BD74353 /* Pods.release.xcconfig */ = {isa = PBXFileReference; includeInIndex = 1; lastKnownFileType = text.xcconfig; name = Pods.release.xcconfig; path = "Pods/Target Support Files/Pods/Pods.release.xcconfig"; sourceTree = "<group>"; };
		63B2E4E066E35A8EBF073526 /* Pods.debug.xcconfig */ = {isa = PBXFileReference; includeInIndex = 1; lastKnownFileType = text.xcconfig; name = Pods.debug.xcconfig; path = "Pods/Target Support Files/Pods/Pods.debug.xcconfig"; sourceTree = "<group>"; };
		7A00D8521C3A1C4800FA1077 /* Black-Weekend.app */ = {isa = PBXFileReference; explicitFileType = wrapper.application; includeInIndex = 0; path = "Black-Weekend.app"; sourceTree = BUILT_PRODUCTS_DIR; };
		7A00D8561C3A1C4800FA1077 /* main.m */ = {isa = PBXFileReference; lastKnownFileType = sourcecode.c.objc; path = main.m; sourceTree = "<group>"; };
		7A00D8581C3A1C4800FA1077 /* AppDelegate.h */ = {isa = PBXFileReference; lastKnownFileType = sourcecode.c.h; path = AppDelegate.h; sourceTree = "<group>"; };
		7A00D8591C3A1C4800FA1077 /* AppDelegate.m */ = {isa = PBXFileReference; lastKnownFileType = sourcecode.c.objc; path = AppDelegate.m; sourceTree = "<group>"; };
		7A00D85B1C3A1C4800FA1077 /* Assets.xcassets */ = {isa = PBXFileReference; lastKnownFileType = folder.assetcatalog; path = Assets.xcassets; sourceTree = "<group>"; };
		7A00D85E1C3A1C4800FA1077 /* Base */ = {isa = PBXFileReference; lastKnownFileType = file.storyboard; name = Base; path = Base.lproj/LaunchScreen.storyboard; sourceTree = "<group>"; };
		7A00D8601C3A1C4800FA1077 /* Info.plist */ = {isa = PBXFileReference; lastKnownFileType = text.plist.xml; path = Info.plist; sourceTree = "<group>"; };
		7A00D87F1C3A4E4100FA1077 /* DiscoverViewController.h */ = {isa = PBXFileReference; fileEncoding = 4; lastKnownFileType = sourcecode.c.h; path = DiscoverViewController.h; sourceTree = "<group>"; };
		7A00D8801C3A4E4100FA1077 /* DiscoverViewController.m */ = {isa = PBXFileReference; fileEncoding = 4; lastKnownFileType = sourcecode.c.objc; path = DiscoverViewController.m; sourceTree = "<group>"; };
		7A00D8851C3A4E4100FA1077 /* MainViewController.h */ = {isa = PBXFileReference; fileEncoding = 4; lastKnownFileType = sourcecode.c.h; path = MainViewController.h; sourceTree = "<group>"; };
		7A00D8861C3A4E4100FA1077 /* MainViewController.m */ = {isa = PBXFileReference; fileEncoding = 4; lastKnownFileType = sourcecode.c.objc; path = MainViewController.m; sourceTree = "<group>"; };
		7A00D88B1C3A4E4100FA1077 /* MineViewController.h */ = {isa = PBXFileReference; fileEncoding = 4; lastKnownFileType = sourcecode.c.h; path = MineViewController.h; sourceTree = "<group>"; };
		7A00D88C1C3A4E4100FA1077 /* MineViewController.m */ = {isa = PBXFileReference; fileEncoding = 4; lastKnownFileType = sourcecode.c.objc; path = MineViewController.m; sourceTree = "<group>"; };
		7A00D8961C3A50A300FA1077 /* Main.Storyboard */ = {isa = PBXFileReference; fileEncoding = 4; lastKnownFileType = file.storyboard; path = Main.Storyboard; sourceTree = "<group>"; };
		7A00D8981C3A50BD00FA1077 /* Discover.Storyboard */ = {isa = PBXFileReference; fileEncoding = 4; lastKnownFileType = file.storyboard; path = Discover.Storyboard; sourceTree = "<group>"; };
		7A00D89C1C3A50D500FA1077 /* Mine.Storyboard */ = {isa = PBXFileReference; fileEncoding = 4; lastKnownFileType = file.storyboard; path = Mine.Storyboard; sourceTree = "<group>"; };
/* End PBXFileReference section */

/* Begin PBXFrameworksBuildPhase section */
		7A00D84F1C3A1C4800FA1077 /* Frameworks */ = {
			isa = PBXFrameworksBuildPhase;
			buildActionMask = 2147483647;
			files = (
				9ECE9887F40BDA70131CCABC /* libPods.a in Frameworks */,
			);
			runOnlyForDeploymentPostprocessing = 0;
		};
/* End PBXFrameworksBuildPhase section */

/* Begin PBXGroup section */
		3B292FC6C0B3CB159E8D581A /* Frameworks */ = {
			isa = PBXGroup;
			children = (
				0231E9CDD6F1199837462202 /* libPods.a */,
			);
			name = Frameworks;
			sourceTree = "<group>";
		};
		6DFABED2B187FAC994E9E4FB /* Pods */ = {
			isa = PBXGroup;
			children = (
				63B2E4E066E35A8EBF073526 /* Pods.debug.xcconfig */,
				178F65ED557D70289BD74353 /* Pods.release.xcconfig */,
			);
			name = Pods;
			sourceTree = "<group>";
		};
		7A00D8491C3A1C4800FA1077 = {
			isa = PBXGroup;
			children = (
				7A00D8541C3A1C4800FA1077 /* Black-Weekend */,
				7A00D8531C3A1C4800FA1077 /* Products */,
				6DFABED2B187FAC994E9E4FB /* Pods */,
				3B292FC6C0B3CB159E8D581A /* Frameworks */,
			);
			sourceTree = "<group>";
		};
		7A00D8531C3A1C4800FA1077 /* Products */ = {
			isa = PBXGroup;
			children = (
				7A00D8521C3A1C4800FA1077 /* Black-Weekend.app */,
			);
			name = Products;
			sourceTree = "<group>";
		};
		7A00D8541C3A1C4800FA1077 /* Black-Weekend */ = {
			isa = PBXGroup;
			children = (
				7A00D87C1C3A4E4100FA1077 /* Classes */,
				7A00D8921C3A4E4B00FA1077 /* Library */,
				7A00D8931C3A4FBE00FA1077 /* Resources */,
				7A00D8581C3A1C4800FA1077 /* AppDelegate.h */,
				7A00D8591C3A1C4800FA1077 /* AppDelegate.m */,
				7A00D85B1C3A1C4800FA1077 /* Assets.xcassets */,
				7A00D85D1C3A1C4800FA1077 /* LaunchScreen.storyboard */,
				7A00D8601C3A1C4800FA1077 /* Info.plist */,
				7A00D8551C3A1C4800FA1077 /* Supporting Files */,
			);
			path = "Black-Weekend";
			sourceTree = "<group>";
		};
		7A00D8551C3A1C4800FA1077 /* Supporting Files */ = {
			isa = PBXGroup;
			children = (
				7A00D8561C3A1C4800FA1077 /* main.m */,
			);
			name = "Supporting Files";
			sourceTree = "<group>";
		};
		7A00D87C1C3A4E4100FA1077 /* Classes */ = {
			isa = PBXGroup;
			children = (
				7A00D8831C3A4E4100FA1077 /* main */,
				7A00D87D1C3A4E4100FA1077 /* discover */,
				7A00D8891C3A4E4100FA1077 /* mine */,
			);
			path = Classes;
			sourceTree = "<group>";
		};
		7A00D87D1C3A4E4100FA1077 /* discover */ = {
			isa = PBXGroup;
			children = (
				7A00D87E1C3A4E4100FA1077 /* Controllers */,
				7A00D8811C3A4E4100FA1077 /* Models */,
				7A00D8821C3A4E4100FA1077 /* Views */,
			);
			path = discover;
			sourceTree = "<group>";
		};
		7A00D87E1C3A4E4100FA1077 /* Controllers */ = {
			isa = PBXGroup;
			children = (
				7A00D87F1C3A4E4100FA1077 /* DiscoverViewController.h */,
				7A00D8801C3A4E4100FA1077 /* DiscoverViewController.m */,
			);
			path = Controllers;
			sourceTree = "<group>";
		};
		7A00D8811C3A4E4100FA1077 /* Models */ = {
			isa = PBXGroup;
			children = (
			);
			path = Models;
			sourceTree = "<group>";
		};
		7A00D8821C3A4E4100FA1077 /* Views */ = {
			isa = PBXGroup;
			children = (
				7A00D8981C3A50BD00FA1077 /* Discover.Storyboard */,
			);
			path = Views;
			sourceTree = "<group>";
		};
		7A00D8831C3A4E4100FA1077 /* main */ = {
			isa = PBXGroup;
			children = (
				7A00D8841C3A4E4100FA1077 /* Controllers */,
				7A00D8871C3A4E4100FA1077 /* Models */,
				7A00D8881C3A4E4100FA1077 /* Views */,
			);
			path = main;
			sourceTree = "<group>";
		};
		7A00D8841C3A4E4100FA1077 /* Controllers */ = {
			isa = PBXGroup;
			children = (
				7A00D8851C3A4E4100FA1077 /* MainViewController.h */,
				7A00D8861C3A4E4100FA1077 /* MainViewController.m */,
			);
			path = Controllers;
			sourceTree = "<group>";
		};
		7A00D8871C3A4E4100FA1077 /* Models */ = {
			isa = PBXGroup;
			children = (
			);
			path = Models;
			sourceTree = "<group>";
		};
		7A00D8881C3A4E4100FA1077 /* Views */ = {
			isa = PBXGroup;
			children = (
				7A00D8961C3A50A300FA1077 /* Main.Storyboard */,
			);
			path = Views;
			sourceTree = "<group>";
		};
		7A00D8891C3A4E4100FA1077 /* mine */ = {
			isa = PBXGroup;
			children = (
				7A00D88A1C3A4E4100FA1077 /* Controllers */,
				7A00D88D1C3A4E4100FA1077 /* Models */,
				7A00D88E1C3A4E4100FA1077 /* Views */,
			);
			path = mine;
			sourceTree = "<group>";
		};
		7A00D88A1C3A4E4100FA1077 /* Controllers */ = {
			isa = PBXGroup;
			children = (
				7A00D88B1C3A4E4100FA1077 /* MineViewController.h */,
				7A00D88C1C3A4E4100FA1077 /* MineViewController.m */,
			);
			path = Controllers;
			sourceTree = "<group>";
		};
		7A00D88D1C3A4E4100FA1077 /* Models */ = {
			isa = PBXGroup;
			children = (
			);
			path = Models;
			sourceTree = "<group>";
		};
		7A00D88E1C3A4E4100FA1077 /* Views */ = {
			isa = PBXGroup;
			children = (
				7A00D89C1C3A50D500FA1077 /* Mine.Storyboard */,
			);
			path = Views;
			sourceTree = "<group>";
		};
		7A00D8921C3A4E4B00FA1077 /* Library */ = {
			isa = PBXGroup;
			children = (
			);
			path = Library;
			sourceTree = "<group>";
		};
		7A00D8931C3A4FBE00FA1077 /* Resources */ = {
			isa = PBXGroup;
			children = (
			);
			name = Resources;
			path = Library/Resources;
			sourceTree = "<group>";
		};
/* End PBXGroup section */

/* Begin PBXNativeTarget section */
		7A00D8511C3A1C4800FA1077 /* Black-Weekend */ = {
			isa = PBXNativeTarget;
			buildConfigurationList = 7A00D8631C3A1C4800FA1077 /* Build configuration list for PBXNativeTarget "Black-Weekend" */;
			buildPhases = (
				7187603F6505D86E94D1BB84 /* Check Pods Manifest.lock */,
				7A00D84E1C3A1C4800FA1077 /* Sources */,
				7A00D84F1C3A1C4800FA1077 /* Frameworks */,
				7A00D8501C3A1C4800FA1077 /* Resources */,
				6B4E56D8ABF713616F284F33 /* Embed Pods Frameworks */,
				4858204685801139A2B9A30E /* Copy Pods Resources */,
			);
			buildRules = (
			);
			dependencies = (
			);
			name = "Black-Weekend";
			productName = "Black-Weekend";
			productReference = 7A00D8521C3A1C4800FA1077 /* Black-Weekend.app */;
			productType = "com.apple.product-type.application";
		};
/* End PBXNativeTarget section */

/* Begin PBXProject section */
		7A00D84A1C3A1C4800FA1077 /* Project object */ = {
			isa = PBXProject;
			attributes = {
				LastUpgradeCheck = 0720;
				ORGANIZATIONNAME = "练晓俊";
				TargetAttributes = {
					7A00D8511C3A1C4800FA1077 = {
						CreatedOnToolsVersion = 7.2;
					};
				};
			};
			buildConfigurationList = 7A00D84D1C3A1C4800FA1077 /* Build configuration list for PBXProject "Black-Weekend" */;
			compatibilityVersion = "Xcode 3.2";
			developmentRegion = English;
			hasScannedForEncodings = 0;
			knownRegions = (
				en,
				Base,
			);
			mainGroup = 7A00D8491C3A1C4800FA1077;
			productRefGroup = 7A00D8531C3A1C4800FA1077 /* Products */;
			projectDirPath = "";
			projectRoot = "";
			targets = (
				7A00D8511C3A1C4800FA1077 /* Black-Weekend */,
			);
		};
/* End PBXProject section */

/* Begin PBXResourcesBuildPhase section */
		7A00D8501C3A1C4800FA1077 /* Resources */ = {
			isa = PBXResourcesBuildPhase;
			buildActionMask = 2147483647;
			files = (
				7A00D89D1C3A50D500FA1077 /* Mine.Storyboard in Resources */,
				7A00D8971C3A50A300FA1077 /* Main.Storyboard in Resources */,
				7A00D8991C3A50BD00FA1077 /* Discover.Storyboard in Resources */,
				7A00D85C1C3A1C4800FA1077 /* Assets.xcassets in Resources */,
				7A00D85F1C3A1C4800FA1077 /* LaunchScreen.storyboard in Resources */,
			);
			runOnlyForDeploymentPostprocessing = 0;
		};
/* End PBXResourcesBuildPhase section */

/* Begin PBXShellScriptBuildPhase section */
		4858204685801139A2B9A30E /* Copy Pods Resources */ = {
			isa = PBXShellScriptBuildPhase;
			buildActionMask = 2147483647;
			files = (
			);
			inputPaths = (
			);
			name = "Copy Pods Resources";
			outputPaths = (
			);
			runOnlyForDeploymentPostprocessing = 0;
			shellPath = /bin/sh;
			shellScript = "\"${SRCROOT}/Pods/Target Support Files/Pods/Pods-resources.sh\"\n";
			showEnvVarsInLog = 0;
		};
		6B4E56D8ABF713616F284F33 /* Embed Pods Frameworks */ = {
			isa = PBXShellScriptBuildPhase;
			buildActionMask = 2147483647;
			files = (
			);
			inputPaths = (
			);
			name = "Embed Pods Frameworks";
			outputPaths = (
			);
			runOnlyForDeploymentPostprocessing = 0;
			shellPath = /bin/sh;
			shellScript = "\"${SRCROOT}/Pods/Target Support Files/Pods/Pods-frameworks.sh\"\n";
			showEnvVarsInLog = 0;
		};
		7187603F6505D86E94D1BB84 /* Check Pods Manifest.lock */ = {
			isa = PBXShellScriptBuildPhase;
			buildActionMask = 2147483647;
			files = (
			);
			inputPaths = (
			);
			name = "Check Pods Manifest.lock";
			outputPaths = (
			);
			runOnlyForDeploymentPostprocessing = 0;
			shellPath = /bin/sh;
			shellScript = "diff \"${PODS_ROOT}/../Podfile.lock\" \"${PODS_ROOT}/Manifest.lock\" > /dev/null\nif [[ $? != 0 ]] ; then\n    cat << EOM\nerror: The sandbox is not in sync with the Podfile.lock. Run 'pod install' or update your CocoaPods installation.\nEOM\n    exit 1\nfi\n";
			showEnvVarsInLog = 0;
		};
/* End PBXShellScriptBuildPhase section */

/* Begin PBXSourcesBuildPhase section */
		7A00D84E1C3A1C4800FA1077 /* Sources */ = {
			isa = PBXSourcesBuildPhase;
			buildActionMask = 2147483647;
			files = (
				7A00D85A1C3A1C4800FA1077 /* AppDelegate.m in Sources */,
				7A00D88F1C3A4E4100FA1077 /* DiscoverViewController.m in Sources */,
				7A00D8911C3A4E4100FA1077 /* MineViewController.m in Sources */,
				7A00D8571C3A1C4800FA1077 /* main.m in Sources */,
				7A00D8901C3A4E4100FA1077 /* MainViewController.m in Sources */,
			);
			runOnlyForDeploymentPostprocessing = 0;
		};
/* End PBXSourcesBuildPhase section */

/* Begin PBXVariantGroup section */
		7A00D85D1C3A1C4800FA1077 /* LaunchScreen.storyboard */ = {
			isa = PBXVariantGroup;
			children = (
				7A00D85E1C3A1C4800FA1077 /* Base */,
			);
			name = LaunchScreen.storyboard;
			sourceTree = "<group>";
		};
/* End PBXVariantGroup section */

/* Begin XCBuildConfiguration section */
		7A00D8611C3A1C4800FA1077 /* Debug */ = {
			isa = XCBuildConfiguration;
			buildSettings = {
				ALWAYS_SEARCH_USER_PATHS = NO;
				CLANG_CXX_LANGUAGE_STANDARD = "gnu++0x";
				CLANG_CXX_LIBRARY = "libc++";
				CLANG_ENABLE_MODULES = YES;
				CLANG_ENABLE_OBJC_ARC = YES;
				CLANG_WARN_BOOL_CONVERSION = YES;
				CLANG_WARN_CONSTANT_CONVERSION = YES;
				CLANG_WARN_DIRECT_OBJC_ISA_USAGE = YES_ERROR;
				CLANG_WARN_EMPTY_BODY = YES;
				CLANG_WARN_ENUM_CONVERSION = YES;
				CLANG_WARN_INT_CONVERSION = YES;
				CLANG_WARN_OBJC_ROOT_CLASS = YES_ERROR;
				CLANG_WARN_UNREACHABLE_CODE = YES;
				CLANG_WARN__DUPLICATE_METHOD_MATCH = YES;
				"CODE_SIGN_IDENTITY[sdk=iphoneos*]" = "iPhone Developer";
				COPY_PHASE_STRIP = NO;
				DEBUG_INFORMATION_FORMAT = dwarf;
				ENABLE_STRICT_OBJC_MSGSEND = YES;
				ENABLE_TESTABILITY = YES;
				GCC_C_LANGUAGE_STANDARD = gnu99;
				GCC_DYNAMIC_NO_PIC = NO;
				GCC_NO_COMMON_BLOCKS = YES;
				GCC_OPTIMIZATION_LEVEL = 0;
				GCC_PREPROCESSOR_DEFINITIONS = (
					"DEBUG=1",
					"$(inherited)",
				);
				GCC_WARN_64_TO_32_BIT_CONVERSION = YES;
				GCC_WARN_ABOUT_RETURN_TYPE = YES_ERROR;
				GCC_WARN_UNDECLARED_SELECTOR = YES;
				GCC_WARN_UNINITIALIZED_AUTOS = YES_AGGRESSIVE;
				GCC_WARN_UNUSED_FUNCTION = YES;
				GCC_WARN_UNUSED_VARIABLE = YES;
				IPHONEOS_DEPLOYMENT_TARGET = 9.2;
				MTL_ENABLE_DEBUG_INFO = YES;
				ONLY_ACTIVE_ARCH = YES;
				SDKROOT = iphoneos;
			};
			name = Debug;
		};
		7A00D8621C3A1C4800FA1077 /* Release */ = {
			isa = XCBuildConfiguration;
			buildSettings = {
				ALWAYS_SEARCH_USER_PATHS = NO;
				CLANG_CXX_LANGUAGE_STANDARD = "gnu++0x";
				CLANG_CXX_LIBRARY = "libc++";
				CLANG_ENABLE_MODULES = YES;
				CLANG_ENABLE_OBJC_ARC = YES;
				CLANG_WARN_BOOL_CONVERSION = YES;
				CLANG_WARN_CONSTANT_CONVERSION = YES;
				CLANG_WARN_DIRECT_OBJC_ISA_USAGE = YES_ERROR;
				CLANG_WARN_EMPTY_BODY = YES;
				CLANG_WARN_ENUM_CONVERSION = YES;
				CLANG_WARN_INT_CONVERSION = YES;
				CLANG_WARN_OBJC_ROOT_CLASS = YES_ERROR;
				CLANG_WARN_UNREACHABLE_CODE = YES;
				CLANG_WARN__DUPLICATE_METHOD_MATCH = YES;
				"CODE_SIGN_IDENTITY[sdk=iphoneos*]" = "iPhone Developer";
				COPY_PHASE_STRIP = NO;
				DEBUG_INFORMATION_FORMAT = "dwarf-with-dsym";
				ENABLE_NS_ASSERTIONS = NO;
				ENABLE_STRICT_OBJC_MSGSEND = YES;
				GCC_C_LANGUAGE_STANDARD = gnu99;
				GCC_NO_COMMON_BLOCKS = YES;
				GCC_WARN_64_TO_32_BIT_CONVERSION = YES;
				GCC_WARN_ABOUT_RETURN_TYPE = YES_ERROR;
				GCC_WARN_UNDECLARED_SELECTOR = YES;
				GCC_WARN_UNINITIALIZED_AUTOS = YES_AGGRESSIVE;
				GCC_WARN_UNUSED_FUNCTION = YES;
				GCC_WARN_UNUSED_VARIABLE = YES;
				IPHONEOS_DEPLOYMENT_TARGET = 9.2;
				MTL_ENABLE_DEBUG_INFO = NO;
				SDKROOT = iphoneos;
				VALIDATE_PRODUCT = YES;
			};
			name = Release;
		};
		7A00D8641C3A1C4800FA1077 /* Debug */ = {
			isa = XCBuildConfiguration;
			baseConfigurationReference = 63B2E4E066E35A8EBF073526 /* Pods.debug.xcconfig */;
			buildSettings = {
				ASSETCATALOG_COMPILER_APPICON_NAME = AppIcon;
				INFOPLIST_FILE = "Black-Weekend/Info.plist";
				LD_RUNPATH_SEARCH_PATHS = "$(inherited) @executable_path/Frameworks";
				PRODUCT_BUNDLE_IDENTIFIER = "can.Mangoinc.Black-Weekend";
				PRODUCT_NAME = "$(TARGET_NAME)";
			};
			name = Debug;
		};
		7A00D8651C3A1C4800FA1077 /* Release */ = {
			isa = XCBuildConfiguration;
			baseConfigurationReference = 178F65ED557D70289BD74353 /* Pods.release.xcconfig */;
			buildSettings = {
				ASSETCATALOG_COMPILER_APPICON_NAME = AppIcon;
				INFOPLIST_FILE = "Black-Weekend/Info.plist";
				LD_RUNPATH_SEARCH_PATHS = "$(inherited) @executable_path/Frameworks";
				PRODUCT_BUNDLE_IDENTIFIER = "can.Mangoinc.Black-Weekend";
				PRODUCT_NAME = "$(TARGET_NAME)";
			};
			name = Release;
		};
/* End XCBuildConfiguration section */

/* Begin XCConfigurationList section */
		7A00D84D1C3A1C4800FA1077 /* Build configuration list for PBXProject "Black-Weekend" */ = {
			isa = XCConfigurationList;
			buildConfigurations = (
				7A00D8611C3A1C4800FA1077 /* Debug */,
				7A00D8621C3A1C4800FA1077 /* Release */,
			);
			defaultConfigurationIsVisible = 0;
			defaultConfigurationName = Release;
		};
		7A00D8631C3A1C4800FA1077 /* Build configuration list for PBXNativeTarget "Black-Weekend" */ = {
			isa = XCConfigurationList;
			buildConfigurations = (
				7A00D8641C3A1C4800FA1077 /* Debug */,
				7A00D8651C3A1C4800FA1077 /* Release */,
			);
			defaultConfigurationIsVisible = 0;
			defaultConfigurationName = Release;
		};
/* End XCConfigurationList section */
	};
	rootObject = 7A00D84A1C3A1C4800FA1077 /* Project object */;
}
