// !$*UTF8*$!
{
	archiveVersion = 1;
	classes = {
	};
	objectVersion = 46;
	objects = {

/* Begin PBXBuildFile section */
		7A00D8571C3A1C4800FA1077 /* main.m in Sources */ = {isa = PBXBuildFile; fileRef = 7A00D8561C3A1C4800FA1077 /* main.m */; };
		7A00D85C1C3A1C4800FA1077 /* Assets.xcassets in Resources */ = {isa = PBXBuildFile; fileRef = 7A00D85B1C3A1C4800FA1077 /* Assets.xcassets */; };
		7A00D85F1C3A1C4800FA1077 /* LaunchScreen.storyboard in Resources */ = {isa = PBXBuildFile; fileRef = 7A00D85D1C3A1C4800FA1077 /* LaunchScreen.storyboard */; };
		7A00D88F1C3A4E4100FA1077 /* DiscoverViewController.m in Sources */ = {isa = PBXBuildFile; fileRef = 7A00D8801C3A4E4100FA1077 /* DiscoverViewController.m */; };
		7A00D8901C3A4E4100FA1077 /* MainViewController.m in Sources */ = {isa = PBXBuildFile; fileRef = 7A00D8861C3A4E4100FA1077 /* MainViewController.m */; };
		7A00D8911C3A4E4100FA1077 /* MineViewController.m in Sources */ = {isa = PBXBuildFile; fileRef = 7A00D88C1C3A4E4100FA1077 /* MineViewController.m */; };
		7A00D8971C3A50A300FA1077 /* Main.Storyboard in Resources */ = {isa = PBXBuildFile; fileRef = 7A00D8961C3A50A300FA1077 /* Main.Storyboard */; };
		7A00D8991C3A50BD00FA1077 /* Discover.Storyboard in Resources */ = {isa = PBXBuildFile; fileRef = 7A00D8981C3A50BD00FA1077 /* Discover.Storyboard */; };
		7A00D89D1C3A50D500FA1077 /* Mine.Storyboard in Resources */ = {isa = PBXBuildFile; fileRef = 7A00D89C1C3A50D500FA1077 /* Mine.Storyboard */; };
		7A00DC711C3A766800FA1077 /* MainTableViewCell.m in Sources */ = {isa = PBXBuildFile; fileRef = 7A00DC6F1C3A766800FA1077 /* MainTableViewCell.m */; };
		7A00DC721C3A766800FA1077 /* MainTableViewCell.xib in Resources */ = {isa = PBXBuildFile; fileRef = 7A00DC701C3A766800FA1077 /* MainTableViewCell.xib */; };
		7A08C1481C4505C900FCFF6F /* AppDelegate.m in Sources */ = {isa = PBXBuildFile; fileRef = 7A08C1471C4505C900FCFF6F /* AppDelegate.m */; };
		7A0FBB041C3BA052004D3C31 /* AVFoundation.framework in Frameworks */ = {isa = PBXBuildFile; fileRef = 7A0FBB031C3BA052004D3C31 /* AVFoundation.framework */; };
		7A0FBB071C3BA081004D3C31 /* MainModel.m in Sources */ = {isa = PBXBuildFile; fileRef = 7A0FBB061C3BA081004D3C31 /* MainModel.m */; };
		7A0FBB0B1C3BA4F6004D3C31 /* Property List.plist in Resources */ = {isa = PBXBuildFile; fileRef = 7A0FBB0A1C3BA4F6004D3C31 /* Property List.plist */; };
		7A49F7361C3D20180030159E /* UIViewController+Common.m in Sources */ = {isa = PBXBuildFile; fileRef = 7A49F7351C3D20180030159E /* UIViewController+Common.m */; };
		7A69DF931C3F5827001BC9E8 /* MainList.plist in Resources */ = {isa = PBXBuildFile; fileRef = 7A69DF921C3F5827001BC9E8 /* MainList.plist */; };
		7A69DF951C3F5D60001BC9E8 /* ActivityTheme.plist in Resources */ = {isa = PBXBuildFile; fileRef = 7A69DF941C3F5D60001BC9E8 /* ActivityTheme.plist */; };
		7A69DF981C3F5ED7001BC9E8 /* ActivityThemeView.m in Sources */ = {isa = PBXBuildFile; fileRef = 7A69DF971C3F5ED7001BC9E8 /* ActivityThemeView.m */; };
		7A69DF9E1C3F9E69001BC9E8 /* blueArrow.png in Resources */ = {isa = PBXBuildFile; fileRef = 7A69DF9A1C3F9E69001BC9E8 /* blueArrow.png */; };
		7A69DF9F1C3F9E69001BC9E8 /* blueArrowDown.png in Resources */ = {isa = PBXBuildFile; fileRef = 7A69DF9B1C3F9E69001BC9E8 /* blueArrowDown.png */; };
		7A69DFA01C3F9E69001BC9E8 /* PullingRefreshTableView.m in Sources */ = {isa = PBXBuildFile; fileRef = 7A69DF9D1C3F9E69001BC9E8 /* PullingRefreshTableView.m */; settings = {COMPILER_FLAGS = "-fno-objc-arc"; }; };
		7A69DFAB1C3FBC26001BC9E8 /* Activity.plist in Resources */ = {isa = PBXBuildFile; fileRef = 7A69DFAA1C3FBC26001BC9E8 /* Activity.plist */; };
		7A69DFAE1C3FBE3F001BC9E8 /* ActivityModel.m in Sources */ = {isa = PBXBuildFile; fileRef = 7A69DFAD1C3FBE3F001BC9E8 /* ActivityModel.m */; };
		7A69DFB91C3FC5BD001BC9E8 /* ActivityViewController.m in Sources */ = {isa = PBXBuildFile; fileRef = 7A69DFB81C3FC5BD001BC9E8 /* ActivityViewController.m */; };
		7A69DFBD1C3FCA44001BC9E8 /* ActivityTableViewCell.m in Sources */ = {isa = PBXBuildFile; fileRef = 7A69DFBB1C3FCA44001BC9E8 /* ActivityTableViewCell.m */; };
		7A69DFBE1C3FCA44001BC9E8 /* ActivityTableViewCell.xib in Resources */ = {isa = PBXBuildFile; fileRef = 7A69DFBC1C3FCA44001BC9E8 /* ActivityTableViewCell.xib */; };
		7A8B691F1C423C8F00E84B97 /* HotActivity.plist in Resources */ = {isa = PBXBuildFile; fileRef = 7A8B691E1C423C8F00E84B97 /* HotActivity.plist */; };
		7A8B69261C4243E400E84B97 /* HotTableViewCell.m in Sources */ = {isa = PBXBuildFile; fileRef = 7A8B69241C4243E400E84B97 /* HotTableViewCell.m */; };
		7A8B69271C4243E400E84B97 /* HotTableViewCell.xib in Resources */ = {isa = PBXBuildFile; fileRef = 7A8B69251C4243E400E84B97 /* HotTableViewCell.xib */; };
		7A8B692A1C4243FD00E84B97 /* HotModel.m in Sources */ = {isa = PBXBuildFile; fileRef = 7A8B69291C4243FD00E84B97 /* HotModel.m */; };
		7AEE72211C3E10DA00786925 /* ActivityDetailView.m in Sources */ = {isa = PBXBuildFile; fileRef = 7AEE72201C3E10DA00786925 /* ActivityDetailView.m */; };
		7AEE72241C3E4C2500786925 /* HWTools.m in Sources */ = {isa = PBXBuildFile; fileRef = 7AEE72231C3E4C2500786925 /* HWTools.m */; };
		7AEE72271C3E5B0800786925 /* UIView+Extension.m in Sources */ = {isa = PBXBuildFile; fileRef = 7AEE72261C3E5B0800786925 /* UIView+Extension.m */; };
		7AF3B5F71C45112900771E7C /* Discover.plist in Resources */ = {isa = PBXBuildFile; fileRef = 7AF3B5F61C45112900771E7C /* Discover.plist */; };
		7AF3B5FA1C45126200771E7C /* DiscoverModel.m in Sources */ = {isa = PBXBuildFile; fileRef = 7AF3B5F91C45126200771E7C /* DiscoverModel.m */; };
		7AF4C7471C4336F500F37C19 /* CoreLocation.framework in Frameworks */ = {isa = PBXBuildFile; fileRef = 7AF4C7461C4336F500F37C19 /* CoreLocation.framework */; };
		7AF4C75E1C43923C00F37C19 /* VOContentLayer.m in Sources */ = {isa = PBXBuildFile; fileRef = 7AF4C7571C43923C00F37C19 /* VOContentLayer.m */; };
		7AF4C75F1C43923C00F37C19 /* VOIndicatorAnimation.m in Sources */ = {isa = PBXBuildFile; fileRef = 7AF4C7591C43923C00F37C19 /* VOIndicatorAnimation.m */; };
		7AF4C7601C43923C00F37C19 /* VOSegment.m in Sources */ = {isa = PBXBuildFile; fileRef = 7AF4C75B1C43923C00F37C19 /* VOSegment.m */; };
		7AF4C7611C43923C00F37C19 /* VOSegmentedControl.m in Sources */ = {isa = PBXBuildFile; fileRef = 7AF4C75D1C43923C00F37C19 /* VOSegmentedControl.m */; };
		7AF4C7631C43A82600F37C19 /* typeid6.plist in Resources */ = {isa = PBXBuildFile; fileRef = 7AF4C7621C43A82600F37C19 /* typeid6.plist */; };
		7AF4C7651C43A82E00F37C19 /* typeud21.plist in Resources */ = {isa = PBXBuildFile; fileRef = 7AF4C7641C43A82E00F37C19 /* typeud21.plist */; };
		7AF4C7671C43A83200F37C19 /* typeid22.plist in Resources */ = {isa = PBXBuildFile; fileRef = 7AF4C7661C43A83200F37C19 /* typeid22.plist */; };
		7AF4C7691C43A83700F37C19 /* typeid23.plist in Resources */ = {isa = PBXBuildFile; fileRef = 7AF4C7681C43A83700F37C19 /* typeid23.plist */; };
		7AF98FEE1C3CBC14009855D2 /* SelectViewController.m in Sources */ = {isa = PBXBuildFile; fileRef = 7AF98FED1C3CBC14009855D2 /* SelectViewController.m */; };
		7AF98FF11C3CBD9A009855D2 /* SearchViewController.m in Sources */ = {isa = PBXBuildFile; fileRef = 7AF98FF01C3CBD9A009855D2 /* SearchViewController.m */; };
		7AF98FF41C3CBE84009855D2 /* ActivityDetailViewController.m in Sources */ = {isa = PBXBuildFile; fileRef = 7AF98FF31C3CBE84009855D2 /* ActivityDetailViewController.m */; };
		7AF98FF71C3CBF3C009855D2 /* ThemeViewController.m in Sources */ = {isa = PBXBuildFile; fileRef = 7AF98FF61C3CBF3C009855D2 /* ThemeViewController.m */; };
		7AF98FFA1C3CBFFB009855D2 /* ClassifyViewController.m in Sources */ = {isa = PBXBuildFile; fileRef = 7AF98FF91C3CBFFB009855D2 /* ClassifyViewController.m */; };
		7AF990001C3CC070009855D2 /* HotViewController.m in Sources */ = {isa = PBXBuildFile; fileRef = 7AF98FFF1C3CC070009855D2 /* HotViewController.m */; };
		7AFC248A1C44A00D00200228 /* ProgressHUD.bundle in Resources */ = {isa = PBXBuildFile; fileRef = 7AFC24871C44A00D00200228 /* ProgressHUD.bundle */; };
		7AFC248B1C44A00D00200228 /* ProgressHUD.m in Sources */ = {isa = PBXBuildFile; fileRef = 7AFC24891C44A00D00200228 /* ProgressHUD.m */; };
		7AFC248F1C44FAA600200228 /* DiscoverTableViewCell.m in Sources */ = {isa = PBXBuildFile; fileRef = 7AFC248D1C44FAA600200228 /* DiscoverTableViewCell.m */; };
		7AFC24901C44FAA600200228 /* DiscoverTableViewCell.xib in Resources */ = {isa = PBXBuildFile; fileRef = 7AFC248E1C44FAA600200228 /* DiscoverTableViewCell.xib */; };
		9ECE9887F40BDA70131CCABC /* libPods.a in Frameworks */ = {isa = PBXBuildFile; fileRef = 0231E9CDD6F1199837462202 /* libPods.a */; };
/* End PBXBuildFile section */

/* Begin PBXFileReference section */
		0231E9CDD6F1199837462202 /* libPods.a */ = {isa = PBXFileReference; explicitFileType = archive.ar; includeInIndex = 0; path = libPods.a; sourceTree = BUILT_PRODUCTS_DIR; };
		178F65ED557D70289BD74353 /* Pods.release.xcconfig */ = {isa = PBXFileReference; includeInIndex = 1; lastKnownFileType = text.xcconfig; name = Pods.release.xcconfig; path = "Pods/Target Support Files/Pods/Pods.release.xcconfig"; sourceTree = "<group>"; };
		63B2E4E066E35A8EBF073526 /* Pods.debug.xcconfig */ = {isa = PBXFileReference; includeInIndex = 1; lastKnownFileType = text.xcconfig; name = Pods.debug.xcconfig; path = "Pods/Target Support Files/Pods/Pods.debug.xcconfig"; sourceTree = "<group>"; };
		7A00D8521C3A1C4800FA1077 /* Black-Weekend.app */ = {isa = PBXFileReference; explicitFileType = wrapper.application; includeInIndex = 0; path = "Black-Weekend.app"; sourceTree = BUILT_PRODUCTS_DIR; };
		7A00D8561C3A1C4800FA1077 /* main.m */ = {isa = PBXFileReference; lastKnownFileType = sourcecode.c.objc; path = main.m; sourceTree = "<group>"; };
		7A00D85B1C3A1C4800FA1077 /* Assets.xcassets */ = {isa = PBXFileReference; lastKnownFileType = folder.assetcatalog; path = Assets.xcassets; sourceTree = "<group>"; };
		7A00D85E1C3A1C4800FA1077 /* Base */ = {isa = PBXFileReference; lastKnownFileType = file.storyboard; name = Base; path = Base.lproj/LaunchScreen.storyboard; sourceTree = "<group>"; };
		7A00D8601C3A1C4800FA1077 /* Info.plist */ = {isa = PBXFileReference; lastKnownFileType = text.plist.xml; path = Info.plist; sourceTree = "<group>"; };
		7A00D87F1C3A4E4100FA1077 /* DiscoverViewController.h */ = {isa = PBXFileReference; fileEncoding = 4; lastKnownFileType = sourcecode.c.h; path = DiscoverViewController.h; sourceTree = "<group>"; };
		7A00D8801C3A4E4100FA1077 /* DiscoverViewController.m */ = {isa = PBXFileReference; fileEncoding = 4; lastKnownFileType = sourcecode.c.objc; path = DiscoverViewController.m; sourceTree = "<group>"; };
		7A00D8851C3A4E4100FA1077 /* MainViewController.h */ = {isa = PBXFileReference; fileEncoding = 4; lastKnownFileType = sourcecode.c.h; path = MainViewController.h; sourceTree = "<group>"; };
		7A00D8861C3A4E4100FA1077 /* MainViewController.m */ = {isa = PBXFileReference; fileEncoding = 4; lastKnownFileType = sourcecode.c.objc; path = MainViewController.m; sourceTree = "<group>"; };
		7A00D88B1C3A4E4100FA1077 /* MineViewController.h */ = {isa = PBXFileReference; fileEncoding = 4; lastKnownFileType = sourcecode.c.h; path = MineViewController.h; sourceTree = "<group>"; };
		7A00D88C1C3A4E4100FA1077 /* MineViewController.m */ = {isa = PBXFileReference; fileEncoding = 4; lastKnownFileType = sourcecode.c.objc; path = MineViewController.m; sourceTree = "<group>"; };
		7A00D8961C3A50A300FA1077 /* Main.Storyboard */ = {isa = PBXFileReference; fileEncoding = 4; lastKnownFileType = file.storyboard; path = Main.Storyboard; sourceTree = "<group>"; };
		7A00D8981C3A50BD00FA1077 /* Discover.Storyboard */ = {isa = PBXFileReference; fileEncoding = 4; lastKnownFileType = file.storyboard; path = Discover.Storyboard; sourceTree = "<group>"; };
		7A00D89C1C3A50D500FA1077 /* Mine.Storyboard */ = {isa = PBXFileReference; fileEncoding = 4; lastKnownFileType = file.storyboard; path = Mine.Storyboard; sourceTree = "<group>"; };
		7A00DC6E1C3A766800FA1077 /* MainTableViewCell.h */ = {isa = PBXFileReference; fileEncoding = 4; lastKnownFileType = sourcecode.c.h; path = MainTableViewCell.h; sourceTree = "<group>"; };
		7A00DC6F1C3A766800FA1077 /* MainTableViewCell.m */ = {isa = PBXFileReference; fileEncoding = 4; lastKnownFileType = sourcecode.c.objc; path = MainTableViewCell.m; sourceTree = "<group>"; };
		7A00DC701C3A766800FA1077 /* MainTableViewCell.xib */ = {isa = PBXFileReference; fileEncoding = 4; lastKnownFileType = file.xib; path = MainTableViewCell.xib; sourceTree = "<group>"; };
		7A08C1461C4505C900FCFF6F /* AppDelegate.h */ = {isa = PBXFileReference; fileEncoding = 4; lastKnownFileType = sourcecode.c.h; name = AppDelegate.h; path = "Black-Weekend/Resources/AppDelegate.h"; sourceTree = SOURCE_ROOT; };
		7A08C1471C4505C900FCFF6F /* AppDelegate.m */ = {isa = PBXFileReference; fileEncoding = 4; lastKnownFileType = sourcecode.c.objc; name = AppDelegate.m; path = "Black-Weekend/Resources/AppDelegate.m"; sourceTree = SOURCE_ROOT; };
		7A0FBB031C3BA052004D3C31 /* AVFoundation.framework */ = {isa = PBXFileReference; lastKnownFileType = wrapper.framework; name = AVFoundation.framework; path = System/Library/Frameworks/AVFoundation.framework; sourceTree = SDKROOT; };
		7A0FBB051C3BA081004D3C31 /* MainModel.h */ = {isa = PBXFileReference; fileEncoding = 4; lastKnownFileType = sourcecode.c.h; path = MainModel.h; sourceTree = "<group>"; };
		7A0FBB061C3BA081004D3C31 /* MainModel.m */ = {isa = PBXFileReference; fileEncoding = 4; lastKnownFileType = sourcecode.c.objc; path = MainModel.m; sourceTree = "<group>"; };
		7A0FBB0A1C3BA4F6004D3C31 /* Property List.plist */ = {isa = PBXFileReference; fileEncoding = 4; lastKnownFileType = text.plist.xml; path = "Property List.plist"; sourceTree = "<group>"; };
		7A49F7341C3D20180030159E /* UIViewController+Common.h */ = {isa = PBXFileReference; fileEncoding = 4; lastKnownFileType = sourcecode.c.h; name = "UIViewController+Common.h"; path = "../../Classes/main/Controllers/UIViewController+Common.h"; sourceTree = "<group>"; };
		7A49F7351C3D20180030159E /* UIViewController+Common.m */ = {isa = PBXFileReference; fileEncoding = 4; lastKnownFileType = sourcecode.c.objc; name = "UIViewController+Common.m"; path = "../../Classes/main/Controllers/UIViewController+Common.m"; sourceTree = "<group>"; };
		7A69DF921C3F5827001BC9E8 /* MainList.plist */ = {isa = PBXFileReference; fileEncoding = 4; lastKnownFileType = text.plist; name = MainList.plist; path = ../Controllers/MainList.plist; sourceTree = "<group>"; };
		7A69DF941C3F5D60001BC9E8 /* ActivityTheme.plist */ = {isa = PBXFileReference; fileEncoding = 4; lastKnownFileType = text.plist.xml; name = ActivityTheme.plist; path = ../Controllers/ActivityTheme.plist; sourceTree = "<group>"; };
		7A69DF961C3F5ED7001BC9E8 /* ActivityThemeView.h */ = {isa = PBXFileReference; fileEncoding = 4; lastKnownFileType = sourcecode.c.h; path = ActivityThemeView.h; sourceTree = "<group>"; };
		7A69DF971C3F5ED7001BC9E8 /* ActivityThemeView.m */ = {isa = PBXFileReference; fileEncoding = 4; lastKnownFileType = sourcecode.c.objc; path = ActivityThemeView.m; sourceTree = "<group>"; };
		7A69DF9A1C3F9E69001BC9E8 /* blueArrow.png */ = {isa = PBXFileReference; lastKnownFileType = image.png; path = blueArrow.png; sourceTree = "<group>"; };
		7A69DF9B1C3F9E69001BC9E8 /* blueArrowDown.png */ = {isa = PBXFileReference; lastKnownFileType = image.png; path = blueArrowDown.png; sourceTree = "<group>"; };
		7A69DF9C1C3F9E69001BC9E8 /* PullingRefreshTableView.h */ = {isa = PBXFileReference; fileEncoding = 4; lastKnownFileType = sourcecode.c.h; path = PullingRefreshTableView.h; sourceTree = "<group>"; };
		7A69DF9D1C3F9E69001BC9E8 /* PullingRefreshTableView.m */ = {isa = PBXFileReference; fileEncoding = 4; lastKnownFileType = sourcecode.c.objc; path = PullingRefreshTableView.m; sourceTree = "<group>"; };
		7A69DFAA1C3FBC26001BC9E8 /* Activity.plist */ = {isa = PBXFileReference; lastKnownFileType = text.plist; path = Activity.plist; sourceTree = "<group>"; };
		7A69DFAC1C3FBE3F001BC9E8 /* ActivityModel.h */ = {isa = PBXFileReference; fileEncoding = 4; lastKnownFileType = sourcecode.c.h; path = ActivityModel.h; sourceTree = "<group>"; };
		7A69DFAD1C3FBE3F001BC9E8 /* ActivityModel.m */ = {isa = PBXFileReference; fileEncoding = 4; lastKnownFileType = sourcecode.c.objc; path = ActivityModel.m; sourceTree = "<group>"; };
		7A69DFB71C3FC5BD001BC9E8 /* ActivityViewController.h */ = {isa = PBXFileReference; fileEncoding = 4; lastKnownFileType = sourcecode.c.h; path = ActivityViewController.h; sourceTree = "<group>"; };
		7A69DFB81C3FC5BD001BC9E8 /* ActivityViewController.m */ = {isa = PBXFileReference; fileEncoding = 4; lastKnownFileType = sourcecode.c.objc; path = ActivityViewController.m; sourceTree = "<group>"; };
		7A69DFBA1C3FCA44001BC9E8 /* ActivityTableViewCell.h */ = {isa = PBXFileReference; fileEncoding = 4; lastKnownFileType = sourcecode.c.h; path = ActivityTableViewCell.h; sourceTree = "<group>"; };
		7A69DFBB1C3FCA44001BC9E8 /* ActivityTableViewCell.m */ = {isa = PBXFileReference; fileEncoding = 4; lastKnownFileType = sourcecode.c.objc; path = ActivityTableViewCell.m; sourceTree = "<group>"; };
		7A69DFBC1C3FCA44001BC9E8 /* ActivityTableViewCell.xib */ = {isa = PBXFileReference; fileEncoding = 4; lastKnownFileType = file.xib; path = ActivityTableViewCell.xib; sourceTree = "<group>"; };
		7A8B691E1C423C8F00E84B97 /* HotActivity.plist */ = {isa = PBXFileReference; lastKnownFileType = text.plist; path = HotActivity.plist; sourceTree = "<group>"; };
		7A8B69231C4243E400E84B97 /* HotTableViewCell.h */ = {isa = PBXFileReference; fileEncoding = 4; lastKnownFileType = sourcecode.c.h; path = HotTableViewCell.h; sourceTree = "<group>"; };
		7A8B69241C4243E400E84B97 /* HotTableViewCell.m */ = {isa = PBXFileReference; fileEncoding = 4; lastKnownFileType = sourcecode.c.objc; path = HotTableViewCell.m; sourceTree = "<group>"; };
		7A8B69251C4243E400E84B97 /* HotTableViewCell.xib */ = {isa = PBXFileReference; fileEncoding = 4; lastKnownFileType = file.xib; path = HotTableViewCell.xib; sourceTree = "<group>"; };
		7A8B69281C4243FD00E84B97 /* HotModel.h */ = {isa = PBXFileReference; fileEncoding = 4; lastKnownFileType = sourcecode.c.h; path = HotModel.h; sourceTree = "<group>"; };
		7A8B69291C4243FD00E84B97 /* HotModel.m */ = {isa = PBXFileReference; fileEncoding = 4; lastKnownFileType = sourcecode.c.objc; path = HotModel.m; sourceTree = "<group>"; };
		7AEE721F1C3E10DA00786925 /* ActivityDetailView.h */ = {isa = PBXFileReference; fileEncoding = 4; lastKnownFileType = sourcecode.c.h; path = ActivityDetailView.h; sourceTree = "<group>"; };
		7AEE72201C3E10DA00786925 /* ActivityDetailView.m */ = {isa = PBXFileReference; fileEncoding = 4; lastKnownFileType = sourcecode.c.objc; path = ActivityDetailView.m; sourceTree = "<group>"; };
		7AEE72221C3E4C2500786925 /* HWTools.h */ = {isa = PBXFileReference; fileEncoding = 4; lastKnownFileType = sourcecode.c.h; name = HWTools.h; path = ../../Classes/main/Views/HWTools.h; sourceTree = "<group>"; };
		7AEE72231C3E4C2500786925 /* HWTools.m */ = {isa = PBXFileReference; fileEncoding = 4; lastKnownFileType = sourcecode.c.objc; name = HWTools.m; path = ../../Classes/main/Views/HWTools.m; sourceTree = "<group>"; };
		7AEE72251C3E5B0800786925 /* UIView+Extension.h */ = {isa = PBXFileReference; fileEncoding = 4; lastKnownFileType = sourcecode.c.h; name = "UIView+Extension.h"; path = "../../Classes/main/Views/UIView+Extension.h"; sourceTree = "<group>"; };
		7AEE72261C3E5B0800786925 /* UIView+Extension.m */ = {isa = PBXFileReference; fileEncoding = 4; lastKnownFileType = sourcecode.c.objc; name = "UIView+Extension.m"; path = "../../Classes/main/Views/UIView+Extension.m"; sourceTree = "<group>"; };
		7AF3B5F61C45112900771E7C /* Discover.plist */ = {isa = PBXFileReference; fileEncoding = 4; lastKnownFileType = text.plist.xml; path = Discover.plist; sourceTree = "<group>"; };
		7AF3B5F81C45126200771E7C /* DiscoverModel.h */ = {isa = PBXFileReference; fileEncoding = 4; lastKnownFileType = sourcecode.c.h; path = DiscoverModel.h; sourceTree = "<group>"; };
		7AF3B5F91C45126200771E7C /* DiscoverModel.m */ = {isa = PBXFileReference; fileEncoding = 4; lastKnownFileType = sourcecode.c.objc; path = DiscoverModel.m; sourceTree = "<group>"; };
		7AF4C7461C4336F500F37C19 /* CoreLocation.framework */ = {isa = PBXFileReference; lastKnownFileType = wrapper.framework; name = CoreLocation.framework; path = System/Library/Frameworks/CoreLocation.framework; sourceTree = SDKROOT; };
		7AF4C7561C43923C00F37C19 /* VOContentLayer.h */ = {isa = PBXFileReference; fileEncoding = 4; lastKnownFileType = sourcecode.c.h; path = VOContentLayer.h; sourceTree = "<group>"; };
		7AF4C7571C43923C00F37C19 /* VOContentLayer.m */ = {isa = PBXFileReference; fileEncoding = 4; lastKnownFileType = sourcecode.c.objc; path = VOContentLayer.m; sourceTree = "<group>"; };
		7AF4C7581C43923C00F37C19 /* VOIndicatorAnimation.h */ = {isa = PBXFileReference; fileEncoding = 4; lastKnownFileType = sourcecode.c.h; path = VOIndicatorAnimation.h; sourceTree = "<group>"; };
		7AF4C7591C43923C00F37C19 /* VOIndicatorAnimation.m */ = {isa = PBXFileReference; fileEncoding = 4; lastKnownFileType = sourcecode.c.objc; path = VOIndicatorAnimation.m; sourceTree = "<group>"; };
		7AF4C75A1C43923C00F37C19 /* VOSegment.h */ = {isa = PBXFileReference; fileEncoding = 4; lastKnownFileType = sourcecode.c.h; path = VOSegment.h; sourceTree = "<group>"; };
		7AF4C75B1C43923C00F37C19 /* VOSegment.m */ = {isa = PBXFileReference; fileEncoding = 4; lastKnownFileType = sourcecode.c.objc; path = VOSegment.m; sourceTree = "<group>"; };
		7AF4C75C1C43923C00F37C19 /* VOSegmentedControl.h */ = {isa = PBXFileReference; fileEncoding = 4; lastKnownFileType = sourcecode.c.h; path = VOSegmentedControl.h; sourceTree = "<group>"; };
		7AF4C75D1C43923C00F37C19 /* VOSegmentedControl.m */ = {isa = PBXFileReference; fileEncoding = 4; lastKnownFileType = sourcecode.c.objc; path = VOSegmentedControl.m; sourceTree = "<group>"; };
		7AF4C7621C43A82600F37C19 /* typeid6.plist */ = {isa = PBXFileReference; lastKnownFileType = text.plist; path = typeid6.plist; sourceTree = "<group>"; };
		7AF4C7641C43A82E00F37C19 /* typeud21.plist */ = {isa = PBXFileReference; lastKnownFileType = text.plist; path = typeud21.plist; sourceTree = "<group>"; };
		7AF4C7661C43A83200F37C19 /* typeid22.plist */ = {isa = PBXFileReference; lastKnownFileType = text.plist; path = typeid22.plist; sourceTree = "<group>"; };
		7AF4C7681C43A83700F37C19 /* typeid23.plist */ = {isa = PBXFileReference; lastKnownFileType = text.plist; path = typeid23.plist; sourceTree = "<group>"; };
		7AF98FE91C3CB56A009855D2 /* BlackWeekend.pch */ = {isa = PBXFileReference; lastKnownFileType = sourcecode.c.h; path = BlackWeekend.pch; sourceTree = "<group>"; };
		7AF98FEB1C3CB6BC009855D2 /* HWDefine.h */ = {isa = PBXFileReference; fileEncoding = 4; lastKnownFileType = sourcecode.c.h; path = HWDefine.h; sourceTree = "<group>"; };
		7AF98FEC1C3CBC14009855D2 /* SelectViewController.h */ = {isa = PBXFileReference; fileEncoding = 4; lastKnownFileType = sourcecode.c.h; name = SelectViewController.h; path = ../../../../SelectViewController.h; sourceTree = "<group>"; };
		7AF98FED1C3CBC14009855D2 /* SelectViewController.m */ = {isa = PBXFileReference; fileEncoding = 4; lastKnownFileType = sourcecode.c.objc; name = SelectViewController.m; path = ../../../../SelectViewController.m; sourceTree = "<group>"; };
		7AF98FEF1C3CBD9A009855D2 /* SearchViewController.h */ = {isa = PBXFileReference; fileEncoding = 4; lastKnownFileType = sourcecode.c.h; path = SearchViewController.h; sourceTree = "<group>"; };
		7AF98FF01C3CBD9A009855D2 /* SearchViewController.m */ = {isa = PBXFileReference; fileEncoding = 4; lastKnownFileType = sourcecode.c.objc; path = SearchViewController.m; sourceTree = "<group>"; };
		7AF98FF21C3CBE84009855D2 /* ActivityDetailViewController.h */ = {isa = PBXFileReference; fileEncoding = 4; lastKnownFileType = sourcecode.c.h; path = ActivityDetailViewController.h; sourceTree = "<group>"; };
		7AF98FF31C3CBE84009855D2 /* ActivityDetailViewController.m */ = {isa = PBXFileReference; fileEncoding = 4; lastKnownFileType = sourcecode.c.objc; path = ActivityDetailViewController.m; sourceTree = "<group>"; };
		7AF98FF51C3CBF3C009855D2 /* ThemeViewController.h */ = {isa = PBXFileReference; fileEncoding = 4; lastKnownFileType = sourcecode.c.h; path = ThemeViewController.h; sourceTree = "<group>"; };
		7AF98FF61C3CBF3C009855D2 /* ThemeViewController.m */ = {isa = PBXFileReference; fileEncoding = 4; lastKnownFileType = sourcecode.c.objc; path = ThemeViewController.m; sourceTree = "<group>"; };
		7AF98FF81C3CBFFB009855D2 /* ClassifyViewController.h */ = {isa = PBXFileReference; fileEncoding = 4; lastKnownFileType = sourcecode.c.h; path = ClassifyViewController.h; sourceTree = "<group>"; };
		7AF98FF91C3CBFFB009855D2 /* ClassifyViewController.m */ = {isa = PBXFileReference; fileEncoding = 4; lastKnownFileType = sourcecode.c.objc; path = ClassifyViewController.m; sourceTree = "<group>"; };
		7AF98FFE1C3CC070009855D2 /* HotViewController.h */ = {isa = PBXFileReference; fileEncoding = 4; lastKnownFileType = sourcecode.c.h; path = HotViewController.h; sourceTree = "<group>"; };
		7AF98FFF1C3CC070009855D2 /* HotViewController.m */ = {isa = PBXFileReference; fileEncoding = 4; lastKnownFileType = sourcecode.c.objc; path = HotViewController.m; sourceTree = "<group>"; };
		7AFC24871C44A00D00200228 /* ProgressHUD.bundle */ = {isa = PBXFileReference; lastKnownFileType = "wrapper.plug-in"; path = ProgressHUD.bundle; sourceTree = "<group>"; };
		7AFC24881C44A00D00200228 /* ProgressHUD.h */ = {isa = PBXFileReference; fileEncoding = 4; lastKnownFileType = sourcecode.c.h; path = ProgressHUD.h; sourceTree = "<group>"; };
		7AFC24891C44A00D00200228 /* ProgressHUD.m */ = {isa = PBXFileReference; fileEncoding = 4; lastKnownFileType = sourcecode.c.objc; path = ProgressHUD.m; sourceTree = "<group>"; };
		7AFC248C1C44FAA600200228 /* DiscoverTableViewCell.h */ = {isa = PBXFileReference; fileEncoding = 4; lastKnownFileType = sourcecode.c.h; path = DiscoverTableViewCell.h; sourceTree = "<group>"; };
		7AFC248D1C44FAA600200228 /* DiscoverTableViewCell.m */ = {isa = PBXFileReference; fileEncoding = 4; lastKnownFileType = sourcecode.c.objc; path = DiscoverTableViewCell.m; sourceTree = "<group>"; };
		7AFC248E1C44FAA600200228 /* DiscoverTableViewCell.xib */ = {isa = PBXFileReference; fileEncoding = 4; lastKnownFileType = file.xib; path = DiscoverTableViewCell.xib; sourceTree = "<group>"; };
/* End PBXFileReference section */

/* Begin PBXFrameworksBuildPhase section */
		7A00D84F1C3A1C4800FA1077 /* Frameworks */ = {
			isa = PBXFrameworksBuildPhase;
			buildActionMask = 2147483647;
			files = (
				7AF4C7471C4336F500F37C19 /* CoreLocation.framework in Frameworks */,
				7A0FBB041C3BA052004D3C31 /* AVFoundation.framework in Frameworks */,
				9ECE9887F40BDA70131CCABC /* libPods.a in Frameworks */,
			);
			runOnlyForDeploymentPostprocessing = 0;
		};
/* End PBXFrameworksBuildPhase section */

/* Begin PBXGroup section */
		3B292FC6C0B3CB159E8D581A /* Frameworks */ = {
			isa = PBXGroup;
			children = (
				7AF4C7461C4336F500F37C19 /* CoreLocation.framework */,
				7A0FBB031C3BA052004D3C31 /* AVFoundation.framework */,
				0231E9CDD6F1199837462202 /* libPods.a */,
			);
			name = Frameworks;
			sourceTree = "<group>";
		};
		6DFABED2B187FAC994E9E4FB /* Pods */ = {
			isa = PBXGroup;
			children = (
				63B2E4E066E35A8EBF073526 /* Pods.debug.xcconfig */,
				178F65ED557D70289BD74353 /* Pods.release.xcconfig */,
			);
			name = Pods;
			sourceTree = "<group>";
		};
		7A00D8491C3A1C4800FA1077 = {
			isa = PBXGroup;
			children = (
				7A00D8541C3A1C4800FA1077 /* Black-Weekend */,
				7A00D8531C3A1C4800FA1077 /* Products */,
				6DFABED2B187FAC994E9E4FB /* Pods */,
				3B292FC6C0B3CB159E8D581A /* Frameworks */,
			);
			sourceTree = "<group>";
		};
		7A00D8531C3A1C4800FA1077 /* Products */ = {
			isa = PBXGroup;
			children = (
				7A00D8521C3A1C4800FA1077 /* Black-Weekend.app */,
			);
			name = Products;
			sourceTree = "<group>";
		};
		7A00D8541C3A1C4800FA1077 /* Black-Weekend */ = {
			isa = PBXGroup;
			children = (
				7A00D87C1C3A4E4100FA1077 /* Classes */,
				7A00D8921C3A4E4B00FA1077 /* Library */,
				7A00D8931C3A4FBE00FA1077 /* Resources */,
				7AF98FE81C3CB532009855D2 /* HWtools */,
				7A00D85B1C3A1C4800FA1077 /* Assets.xcassets */,
				7A00D85D1C3A1C4800FA1077 /* LaunchScreen.storyboard */,
				7A00D8601C3A1C4800FA1077 /* Info.plist */,
				7A00D8551C3A1C4800FA1077 /* Supporting Files */,
			);
			path = "Black-Weekend";
			sourceTree = "<group>";
		};
		7A00D8551C3A1C4800FA1077 /* Supporting Files */ = {
			isa = PBXGroup;
			children = (
				7A00D8561C3A1C4800FA1077 /* main.m */,
			);
			name = "Supporting Files";
			sourceTree = "<group>";
		};
		7A00D87C1C3A4E4100FA1077 /* Classes */ = {
			isa = PBXGroup;
			children = (
				7A00D8831C3A4E4100FA1077 /* main */,
				7A00D87D1C3A4E4100FA1077 /* discover */,
				7A00D8891C3A4E4100FA1077 /* mine */,
			);
			path = Classes;
			sourceTree = "<group>";
		};
		7A00D87D1C3A4E4100FA1077 /* discover */ = {
			isa = PBXGroup;
			children = (
				7A00D87E1C3A4E4100FA1077 /* Controllers */,
				7A00D8811C3A4E4100FA1077 /* Models */,
				7A00D8821C3A4E4100FA1077 /* Views */,
			);
			path = discover;
			sourceTree = "<group>";
		};
		7A00D87E1C3A4E4100FA1077 /* Controllers */ = {
			isa = PBXGroup;
			children = (
				7A00D87F1C3A4E4100FA1077 /* DiscoverViewController.h */,
				7A00D8801C3A4E4100FA1077 /* DiscoverViewController.m */,
			);
			path = Controllers;
			sourceTree = "<group>";
		};
		7A00D8811C3A4E4100FA1077 /* Models */ = {
			isa = PBXGroup;
			children = (
				7AF3B5F61C45112900771E7C /* Discover.plist */,
				7AF3B5F81C45126200771E7C /* DiscoverModel.h */,
				7AF3B5F91C45126200771E7C /* DiscoverModel.m */,
			);
			path = Models;
			sourceTree = "<group>";
		};
		7A00D8821C3A4E4100FA1077 /* Views */ = {
			isa = PBXGroup;
			children = (
				7A00D8981C3A50BD00FA1077 /* Discover.Storyboard */,
				7AFC248C1C44FAA600200228 /* DiscoverTableViewCell.h */,
				7AFC248D1C44FAA600200228 /* DiscoverTableViewCell.m */,
				7AFC248E1C44FAA600200228 /* DiscoverTableViewCell.xib */,
			);
			path = Views;
			sourceTree = "<group>";
		};
		7A00D8831C3A4E4100FA1077 /* main */ = {
			isa = PBXGroup;
			children = (
				7A00D8841C3A4E4100FA1077 /* Controllers */,
				7A00D8871C3A4E4100FA1077 /* Models */,
				7A00D8881C3A4E4100FA1077 /* Views */,
			);
			path = main;
			sourceTree = "<group>";
		};
		7A00D8841C3A4E4100FA1077 /* Controllers */ = {
			isa = PBXGroup;
			children = (
				7A00D8851C3A4E4100FA1077 /* MainViewController.h */,
				7A00D8861C3A4E4100FA1077 /* MainViewController.m */,
				7AF98FEC1C3CBC14009855D2 /* SelectViewController.h */,
				7AF98FED1C3CBC14009855D2 /* SelectViewController.m */,
				7AF98FEF1C3CBD9A009855D2 /* SearchViewController.h */,
				7AF98FF01C3CBD9A009855D2 /* SearchViewController.m */,
				7AF98FF21C3CBE84009855D2 /* ActivityDetailViewController.h */,
				7AF98FF31C3CBE84009855D2 /* ActivityDetailViewController.m */,
				7AF98FF51C3CBF3C009855D2 /* ThemeViewController.h */,
				7AF98FF61C3CBF3C009855D2 /* ThemeViewController.m */,
				7AF98FF81C3CBFFB009855D2 /* ClassifyViewController.h */,
				7AF98FF91C3CBFFB009855D2 /* ClassifyViewController.m */,
				7A69DFB71C3FC5BD001BC9E8 /* ActivityViewController.h */,
				7A69DFB81C3FC5BD001BC9E8 /* ActivityViewController.m */,
				7AF98FFE1C3CC070009855D2 /* HotViewController.h */,
				7AF98FFF1C3CC070009855D2 /* HotViewController.m */,
			);
			path = Controllers;
			sourceTree = "<group>";
		};
		7A00D8871C3A4E4100FA1077 /* Models */ = {
			isa = PBXGroup;
			children = (
				7A0FBB051C3BA081004D3C31 /* MainModel.h */,
				7A0FBB061C3BA081004D3C31 /* MainModel.m */,
				7A69DFAA1C3FBC26001BC9E8 /* Activity.plist */,
				7A8B691E1C423C8F00E84B97 /* HotActivity.plist */,
				7A0FBB0A1C3BA4F6004D3C31 /* Property List.plist */,
				7A69DF941C3F5D60001BC9E8 /* ActivityTheme.plist */,
				7A69DF921C3F5827001BC9E8 /* MainList.plist */,
				7AF4C7621C43A82600F37C19 /* typeid6.plist */,
				7AF4C7641C43A82E00F37C19 /* typeud21.plist */,
				7AF4C7661C43A83200F37C19 /* typeid22.plist */,
				7AF4C7681C43A83700F37C19 /* typeid23.plist */,
				7A69DFAC1C3FBE3F001BC9E8 /* ActivityModel.h */,
				7A69DFAD1C3FBE3F001BC9E8 /* ActivityModel.m */,
				7A8B69281C4243FD00E84B97 /* HotModel.h */,
				7A8B69291C4243FD00E84B97 /* HotModel.m */,
			);
			path = Models;
			sourceTree = "<group>";
		};
		7A00D8881C3A4E4100FA1077 /* Views */ = {
			isa = PBXGroup;
			children = (
				7A00D8961C3A50A300FA1077 /* Main.Storyboard */,
				7A00DC6E1C3A766800FA1077 /* MainTableViewCell.h */,
				7A00DC6F1C3A766800FA1077 /* MainTableViewCell.m */,
				7A00DC701C3A766800FA1077 /* MainTableViewCell.xib */,
				7AEE721F1C3E10DA00786925 /* ActivityDetailView.h */,
				7AEE72201C3E10DA00786925 /* ActivityDetailView.m */,
				7A69DF961C3F5ED7001BC9E8 /* ActivityThemeView.h */,
				7A69DF971C3F5ED7001BC9E8 /* ActivityThemeView.m */,
				7A69DFBA1C3FCA44001BC9E8 /* ActivityTableViewCell.h */,
				7A69DFBB1C3FCA44001BC9E8 /* ActivityTableViewCell.m */,
				7A69DFBC1C3FCA44001BC9E8 /* ActivityTableViewCell.xib */,
				7A8B69231C4243E400E84B97 /* HotTableViewCell.h */,
				7A8B69241C4243E400E84B97 /* HotTableViewCell.m */,
				7A8B69251C4243E400E84B97 /* HotTableViewCell.xib */,
			);
			path = Views;
			sourceTree = "<group>";
		};
		7A00D8891C3A4E4100FA1077 /* mine */ = {
			isa = PBXGroup;
			children = (
				7A00D88A1C3A4E4100FA1077 /* Controllers */,
				7A00D88D1C3A4E4100FA1077 /* Models */,
				7A00D88E1C3A4E4100FA1077 /* Views */,
			);
			path = mine;
			sourceTree = "<group>";
		};
		7A00D88A1C3A4E4100FA1077 /* Controllers */ = {
			isa = PBXGroup;
			children = (
				7A00D88B1C3A4E4100FA1077 /* MineViewController.h */,
				7A00D88C1C3A4E4100FA1077 /* MineViewController.m */,
			);
			path = Controllers;
			sourceTree = "<group>";
		};
		7A00D88D1C3A4E4100FA1077 /* Models */ = {
			isa = PBXGroup;
			children = (
			);
			path = Models;
			sourceTree = "<group>";
		};
		7A00D88E1C3A4E4100FA1077 /* Views */ = {
			isa = PBXGroup;
			children = (
				7A00D89C1C3A50D500FA1077 /* Mine.Storyboard */,
			);
			path = Views;
			sourceTree = "<group>";
		};
		7A00D8921C3A4E4B00FA1077 /* Library */ = {
			isa = PBXGroup;
			children = (
				7AFC24861C44A00D00200228 /* ProgressHUD */,
				7AF4C7551C43923C00F37C19 /* VOSegmentedControl */,
				7A69DF991C3F9E69001BC9E8 /* PullingRefreshTableView */,
			);
			path = Library;
			sourceTree = "<group>";
		};
		7A00D8931C3A4FBE00FA1077 /* Resources */ = {
			isa = PBXGroup;
			children = (
				7A08C1461C4505C900FCFF6F /* AppDelegate.h */,
				7A08C1471C4505C900FCFF6F /* AppDelegate.m */,
			);
			name = Resources;
			path = Library/Resources;
			sourceTree = "<group>";
		};
		7A69DF991C3F9E69001BC9E8 /* PullingRefreshTableView */ = {
			isa = PBXGroup;
			children = (
				7A69DF9A1C3F9E69001BC9E8 /* blueArrow.png */,
				7A69DF9B1C3F9E69001BC9E8 /* blueArrowDown.png */,
				7A69DF9C1C3F9E69001BC9E8 /* PullingRefreshTableView.h */,
				7A69DF9D1C3F9E69001BC9E8 /* PullingRefreshTableView.m */,
			);
			path = PullingRefreshTableView;
			sourceTree = "<group>";
		};
		7AF4C7551C43923C00F37C19 /* VOSegmentedControl */ = {
			isa = PBXGroup;
			children = (
				7AF4C7561C43923C00F37C19 /* VOContentLayer.h */,
				7AF4C7571C43923C00F37C19 /* VOContentLayer.m */,
				7AF4C7581C43923C00F37C19 /* VOIndicatorAnimation.h */,
				7AF4C7591C43923C00F37C19 /* VOIndicatorAnimation.m */,
				7AF4C75A1C43923C00F37C19 /* VOSegment.h */,
				7AF4C75B1C43923C00F37C19 /* VOSegment.m */,
				7AF4C75C1C43923C00F37C19 /* VOSegmentedControl.h */,
				7AF4C75D1C43923C00F37C19 /* VOSegmentedControl.m */,
			);
			path = VOSegmentedControl;
			sourceTree = "<group>";
		};
		7AF98FE81C3CB532009855D2 /* HWtools */ = {
			isa = PBXGroup;
			children = (
				7A49F7341C3D20180030159E /* UIViewController+Common.h */,
				7A49F7351C3D20180030159E /* UIViewController+Common.m */,
				7AEE72251C3E5B0800786925 /* UIView+Extension.h */,
				7AEE72261C3E5B0800786925 /* UIView+Extension.m */,
				7AF98FEB1C3CB6BC009855D2 /* HWDefine.h */,
				7AF98FE91C3CB56A009855D2 /* BlackWeekend.pch */,
				7AEE72221C3E4C2500786925 /* HWTools.h */,
				7AEE72231C3E4C2500786925 /* HWTools.m */,
			);
			name = HWtools;
			path = Library/HWtools;
			sourceTree = "<group>";
		};
		7AFC24861C44A00D00200228 /* ProgressHUD */ = {
			isa = PBXGroup;
			children = (
				7AFC24871C44A00D00200228 /* ProgressHUD.bundle */,
				7AFC24881C44A00D00200228 /* ProgressHUD.h */,
				7AFC24891C44A00D00200228 /* ProgressHUD.m */,
			);
			path = ProgressHUD;
			sourceTree = "<group>";
		};
/* End PBXGroup section */

/* Begin PBXNativeTarget section */
		7A00D8511C3A1C4800FA1077 /* Black-Weekend */ = {
			isa = PBXNativeTarget;
			buildConfigurationList = 7A00D8631C3A1C4800FA1077 /* Build configuration list for PBXNativeTarget "Black-Weekend" */;
			buildPhases = (
				7187603F6505D86E94D1BB84 /* Check Pods Manifest.lock */,
				7A00D84E1C3A1C4800FA1077 /* Sources */,
				7A00D84F1C3A1C4800FA1077 /* Frameworks */,
				7A00D8501C3A1C4800FA1077 /* Resources */,
				6B4E56D8ABF713616F284F33 /* Embed Pods Frameworks */,
				4858204685801139A2B9A30E /* Copy Pods Resources */,
			);
			buildRules = (
			);
			dependencies = (
			);
			name = "Black-Weekend";
			productName = "Black-Weekend";
			productReference = 7A00D8521C3A1C4800FA1077 /* Black-Weekend.app */;
			productType = "com.apple.product-type.application";
		};
/* End PBXNativeTarget section */

/* Begin PBXProject section */
		7A00D84A1C3A1C4800FA1077 /* Project object */ = {
			isa = PBXProject;
			attributes = {
				LastUpgradeCheck = 0720;
				ORGANIZATIONNAME = "练晓俊";
				TargetAttributes = {
					7A00D8511C3A1C4800FA1077 = {
						CreatedOnToolsVersion = 7.2;
					};
				};
			};
			buildConfigurationList = 7A00D84D1C3A1C4800FA1077 /* Build configuration list for PBXProject "Black-Weekend" */;
			compatibilityVersion = "Xcode 3.2";
			developmentRegion = English;
			hasScannedForEncodings = 0;
			knownRegions = (
				en,
				Base,
			);
			mainGroup = 7A00D8491C3A1C4800FA1077;
			productRefGroup = 7A00D8531C3A1C4800FA1077 /* Products */;
			projectDirPath = "";
			projectRoot = "";
			targets = (
				7A00D8511C3A1C4800FA1077 /* Black-Weekend */,
			);
		};
/* End PBXProject section */

/* Begin PBXResourcesBuildPhase section */
		7A00D8501C3A1C4800FA1077 /* Resources */ = {
			isa = PBXResourcesBuildPhase;
			buildActionMask = 2147483647;
			files = (
				7A69DF9F1C3F9E69001BC9E8 /* blueArrowDown.png in Resources */,
				7A69DF931C3F5827001BC9E8 /* MainList.plist in Resources */,
				7A0FBB0B1C3BA4F6004D3C31 /* Property List.plist in Resources */,
				7AF4C7671C43A83200F37C19 /* typeid22.plist in Resources */,
				7A69DFAB1C3FBC26001BC9E8 /* Activity.plist in Resources */,
				7AFC248A1C44A00D00200228 /* ProgressHUD.bundle in Resources */,
				7A00D89D1C3A50D500FA1077 /* Mine.Storyboard in Resources */,
				7AFC24901C44FAA600200228 /* DiscoverTableViewCell.xib in Resources */,
				7A00D8971C3A50A300FA1077 /* Main.Storyboard in Resources */,
				7AF4C7631C43A82600F37C19 /* typeid6.plist in Resources */,
				7AF4C7651C43A82E00F37C19 /* typeud21.plist in Resources */,
				7AF3B5F71C45112900771E7C /* Discover.plist in Resources */,
				7A69DFBE1C3FCA44001BC9E8 /* ActivityTableViewCell.xib in Resources */,
				7A69DF951C3F5D60001BC9E8 /* ActivityTheme.plist in Resources */,
				7AF4C7691C43A83700F37C19 /* typeid23.plist in Resources */,
				7A8B69271C4243E400E84B97 /* HotTableViewCell.xib in Resources */,
				7A69DF9E1C3F9E69001BC9E8 /* blueArrow.png in Resources */,
				7A00DC721C3A766800FA1077 /* MainTableViewCell.xib in Resources */,
				7A00D8991C3A50BD00FA1077 /* Discover.Storyboard in Resources */,
				7A00D85C1C3A1C4800FA1077 /* Assets.xcassets in Resources */,
				7A00D85F1C3A1C4800FA1077 /* LaunchScreen.storyboard in Resources */,
				7A8B691F1C423C8F00E84B97 /* HotActivity.plist in Resources */,
			);
			runOnlyForDeploymentPostprocessing = 0;
		};
/* End PBXResourcesBuildPhase section */

/* Begin PBXShellScriptBuildPhase section */
		4858204685801139A2B9A30E /* Copy Pods Resources */ = {
			isa = PBXShellScriptBuildPhase;
			buildActionMask = 2147483647;
			files = (
			);
			inputPaths = (
			);
			name = "Copy Pods Resources";
			outputPaths = (
			);
			runOnlyForDeploymentPostprocessing = 0;
			shellPath = /bin/sh;
			shellScript = "\"${SRCROOT}/Pods/Target Support Files/Pods/Pods-resources.sh\"\n";
			showEnvVarsInLog = 0;
		};
		6B4E56D8ABF713616F284F33 /* Embed Pods Frameworks */ = {
			isa = PBXShellScriptBuildPhase;
			buildActionMask = 2147483647;
			files = (
			);
			inputPaths = (
			);
			name = "Embed Pods Frameworks";
			outputPaths = (
			);
			runOnlyForDeploymentPostprocessing = 0;
			shellPath = /bin/sh;
			shellScript = "\"${SRCROOT}/Pods/Target Support Files/Pods/Pods-frameworks.sh\"\n";
			showEnvVarsInLog = 0;
		};
		7187603F6505D86E94D1BB84 /* Check Pods Manifest.lock */ = {
			isa = PBXShellScriptBuildPhase;
			buildActionMask = 2147483647;
			files = (
			);
			inputPaths = (
			);
			name = "Check Pods Manifest.lock";
			outputPaths = (
			);
			runOnlyForDeploymentPostprocessing = 0;
			shellPath = /bin/sh;
			shellScript = "diff \"${PODS_ROOT}/../Podfile.lock\" \"${PODS_ROOT}/Manifest.lock\" > /dev/null\nif [[ $? != 0 ]] ; then\n    cat << EOM\nerror: The sandbox is not in sync with the Podfile.lock. Run 'pod install' or update your CocoaPods installation.\nEOM\n    exit 1\nfi\n";
			showEnvVarsInLog = 0;
		};
/* End PBXShellScriptBuildPhase section */

/* Begin PBXSourcesBuildPhase section */
		7A00D84E1C3A1C4800FA1077 /* Sources */ = {
			isa = PBXSourcesBuildPhase;
			buildActionMask = 2147483647;
			files = (
				7A69DFBD1C3FCA44001BC9E8 /* ActivityTableViewCell.m in Sources */,
				7AF4C75F1C43923C00F37C19 /* VOIndicatorAnimation.m in Sources */,
				7A8B692A1C4243FD00E84B97 /* HotModel.m in Sources */,
				7AF4C75E1C43923C00F37C19 /* VOContentLayer.m in Sources */,
				7A69DFB91C3FC5BD001BC9E8 /* ActivityViewController.m in Sources */,
				7AF4C7601C43923C00F37C19 /* VOSegment.m in Sources */,
				7AFC248F1C44FAA600200228 /* DiscoverTableViewCell.m in Sources */,
				7AEE72271C3E5B0800786925 /* UIView+Extension.m in Sources */,
				7AEE72241C3E4C2500786925 /* HWTools.m in Sources */,
				7AF98FFA1C3CBFFB009855D2 /* ClassifyViewController.m in Sources */,
				7AF98FEE1C3CBC14009855D2 /* SelectViewController.m in Sources */,
				7A00DC711C3A766800FA1077 /* MainTableViewCell.m in Sources */,
				7A69DFAE1C3FBE3F001BC9E8 /* ActivityModel.m in Sources */,
				7AFC248B1C44A00D00200228 /* ProgressHUD.m in Sources */,
				7AF3B5FA1C45126200771E7C /* DiscoverModel.m in Sources */,
				7AF4C7611C43923C00F37C19 /* VOSegmentedControl.m in Sources */,
				7A00D88F1C3A4E4100FA1077 /* DiscoverViewController.m in Sources */,
				7A08C1481C4505C900FCFF6F /* AppDelegate.m in Sources */,
				7AF98FF41C3CBE84009855D2 /* ActivityDetailViewController.m in Sources */,
				7AF98FF11C3CBD9A009855D2 /* SearchViewController.m in Sources */,
				7AF98FF71C3CBF3C009855D2 /* ThemeViewController.m in Sources */,
				7AF990001C3CC070009855D2 /* HotViewController.m in Sources */,
				7A69DF981C3F5ED7001BC9E8 /* ActivityThemeView.m in Sources */,
				7A00D8911C3A4E4100FA1077 /* MineViewController.m in Sources */,
				7A69DFA01C3F9E69001BC9E8 /* PullingRefreshTableView.m in Sources */,
				7A8B69261C4243E400E84B97 /* HotTableViewCell.m in Sources */,
				7AEE72211C3E10DA00786925 /* ActivityDetailView.m in Sources */,
				7A00D8571C3A1C4800FA1077 /* main.m in Sources */,
				7A00D8901C3A4E4100FA1077 /* MainViewController.m in Sources */,
				7A49F7361C3D20180030159E /* UIViewController+Common.m in Sources */,
				7A0FBB071C3BA081004D3C31 /* MainModel.m in Sources */,
			);
			runOnlyForDeploymentPostprocessing = 0;
		};
/* End PBXSourcesBuildPhase section */

/* Begin PBXVariantGroup section */
		7A00D85D1C3A1C4800FA1077 /* LaunchScreen.storyboard */ = {
			isa = PBXVariantGroup;
			children = (
				7A00D85E1C3A1C4800FA1077 /* Base */,
			);
			name = LaunchScreen.storyboard;
			sourceTree = "<group>";
		};
/* End PBXVariantGroup section */

/* Begin XCBuildConfiguration section */
		7A00D8611C3A1C4800FA1077 /* Debug */ = {
			isa = XCBuildConfiguration;
			buildSettings = {
				ALWAYS_SEARCH_USER_PATHS = NO;
				CLANG_CXX_LANGUAGE_STANDARD = "gnu++0x";
				CLANG_CXX_LIBRARY = "libc++";
				CLANG_ENABLE_MODULES = YES;
				CLANG_ENABLE_OBJC_ARC = YES;
				CLANG_WARN_BOOL_CONVERSION = YES;
				CLANG_WARN_CONSTANT_CONVERSION = YES;
				CLANG_WARN_DIRECT_OBJC_ISA_USAGE = YES_ERROR;
				CLANG_WARN_EMPTY_BODY = YES;
				CLANG_WARN_ENUM_CONVERSION = YES;
				CLANG_WARN_INT_CONVERSION = YES;
				CLANG_WARN_OBJC_ROOT_CLASS = YES_ERROR;
				CLANG_WARN_UNREACHABLE_CODE = YES;
				CLANG_WARN__DUPLICATE_METHOD_MATCH = YES;
				"CODE_SIGN_IDENTITY[sdk=iphoneos*]" = "iPhone Developer";
				COPY_PHASE_STRIP = NO;
				DEBUG_INFORMATION_FORMAT = dwarf;
				ENABLE_STRICT_OBJC_MSGSEND = YES;
				ENABLE_TESTABILITY = YES;
				GCC_C_LANGUAGE_STANDARD = gnu99;
				GCC_DYNAMIC_NO_PIC = NO;
				GCC_NO_COMMON_BLOCKS = YES;
				GCC_OPTIMIZATION_LEVEL = 0;
				GCC_PREPROCESSOR_DEFINITIONS = (
					"DEBUG=1",
					"$(inherited)",
				);
				GCC_WARN_64_TO_32_BIT_CONVERSION = YES;
				GCC_WARN_ABOUT_RETURN_TYPE = YES_ERROR;
				GCC_WARN_UNDECLARED_SELECTOR = YES;
				GCC_WARN_UNINITIALIZED_AUTOS = YES_AGGRESSIVE;
				GCC_WARN_UNUSED_FUNCTION = YES;
				GCC_WARN_UNUSED_VARIABLE = YES;
				IPHONEOS_DEPLOYMENT_TARGET = 9.2;
				MTL_ENABLE_DEBUG_INFO = YES;
				ONLY_ACTIVE_ARCH = YES;
				SDKROOT = iphoneos;
			};
			name = Debug;
		};
		7A00D8621C3A1C4800FA1077 /* Release */ = {
			isa = XCBuildConfiguration;
			buildSettings = {
				ALWAYS_SEARCH_USER_PATHS = NO;
				CLANG_CXX_LANGUAGE_STANDARD = "gnu++0x";
				CLANG_CXX_LIBRARY = "libc++";
				CLANG_ENABLE_MODULES = YES;
				CLANG_ENABLE_OBJC_ARC = YES;
				CLANG_WARN_BOOL_CONVERSION = YES;
				CLANG_WARN_CONSTANT_CONVERSION = YES;
				CLANG_WARN_DIRECT_OBJC_ISA_USAGE = YES_ERROR;
				CLANG_WARN_EMPTY_BODY = YES;
				CLANG_WARN_ENUM_CONVERSION = YES;
				CLANG_WARN_INT_CONVERSION = YES;
				CLANG_WARN_OBJC_ROOT_CLASS = YES_ERROR;
				CLANG_WARN_UNREACHABLE_CODE = YES;
				CLANG_WARN__DUPLICATE_METHOD_MATCH = YES;
				"CODE_SIGN_IDENTITY[sdk=iphoneos*]" = "iPhone Developer";
				COPY_PHASE_STRIP = NO;
				DEBUG_INFORMATION_FORMAT = "dwarf-with-dsym";
				ENABLE_NS_ASSERTIONS = NO;
				ENABLE_STRICT_OBJC_MSGSEND = YES;
				GCC_C_LANGUAGE_STANDARD = gnu99;
				GCC_NO_COMMON_BLOCKS = YES;
				GCC_WARN_64_TO_32_BIT_CONVERSION = YES;
				GCC_WARN_ABOUT_RETURN_TYPE = YES_ERROR;
				GCC_WARN_UNDECLARED_SELECTOR = YES;
				GCC_WARN_UNINITIALIZED_AUTOS = YES_AGGRESSIVE;
				GCC_WARN_UNUSED_FUNCTION = YES;
				GCC_WARN_UNUSED_VARIABLE = YES;
				IPHONEOS_DEPLOYMENT_TARGET = 9.2;
				MTL_ENABLE_DEBUG_INFO = NO;
				SDKROOT = iphoneos;
				VALIDATE_PRODUCT = YES;
			};
			name = Release;
		};
		7A00D8641C3A1C4800FA1077 /* Debug */ = {
			isa = XCBuildConfiguration;
			baseConfigurationReference = 63B2E4E066E35A8EBF073526 /* Pods.debug.xcconfig */;
			buildSettings = {
				ASSETCATALOG_COMPILER_APPICON_NAME = AppIcon;
				CODE_SIGN_IDENTITY = "iPhone Developer";
				"CODE_SIGN_IDENTITY[sdk=iphoneos*]" = "iPhone Developer";
				GCC_PRECOMPILE_PREFIX_HEADER = YES;
				GCC_PREFIX_HEADER = "$(SRCROOT)/Black-Weekend/Library/HWtools/BlackWeekend.pch";
				INFOPLIST_FILE = "Black-Weekend/Info.plist";
				IPHONEOS_DEPLOYMENT_TARGET = 7.0;
				LD_RUNPATH_SEARCH_PATHS = "$(inherited) @executable_path/Frameworks";
				PRODUCT_BUNDLE_IDENTIFIER = "can.Mangoinc.Black-Weekend";
				PRODUCT_NAME = "$(TARGET_NAME)";
				PROVISIONING_PROFILE = "";
			};
			name = Debug;
		};
		7A00D8651C3A1C4800FA1077 /* Release */ = {
			isa = XCBuildConfiguration;
			baseConfigurationReference = 178F65ED557D70289BD74353 /* Pods.release.xcconfig */;
			buildSettings = {
				ASSETCATALOG_COMPILER_APPICON_NAME = AppIcon;
				CODE_SIGN_IDENTITY = "iPhone Developer";
				"CODE_SIGN_IDENTITY[sdk=iphoneos*]" = "iPhone Developer";
				GCC_PRECOMPILE_PREFIX_HEADER = YES;
				GCC_PREFIX_HEADER = "$(SRCROOT)/Black-Weekend/Library/HWtools/BlackWeekend.pch";
				INFOPLIST_FILE = "Black-Weekend/Info.plist";
				IPHONEOS_DEPLOYMENT_TARGET = 7.0;
				LD_RUNPATH_SEARCH_PATHS = "$(inherited) @executable_path/Frameworks";
				PRODUCT_BUNDLE_IDENTIFIER = "can.Mangoinc.Black-Weekend";
				PRODUCT_NAME = "$(TARGET_NAME)";
				PROVISIONING_PROFILE = "";
			};
			name = Release;
		};
/* End XCBuildConfiguration section */

/* Begin XCConfigurationList section */
		7A00D84D1C3A1C4800FA1077 /* Build configuration list for PBXProject "Black-Weekend" */ = {
			isa = XCConfigurationList;
			buildConfigurations = (
				7A00D8611C3A1C4800FA1077 /* Debug */,
				7A00D8621C3A1C4800FA1077 /* Release */,
			);
			defaultConfigurationIsVisible = 0;
			defaultConfigurationName = Release;
		};
		7A00D8631C3A1C4800FA1077 /* Build configuration list for PBXNativeTarget "Black-Weekend" */ = {
			isa = XCConfigurationList;
			buildConfigurations = (
				7A00D8641C3A1C4800FA1077 /* Debug */,
				7A00D8651C3A1C4800FA1077 /* Release */,
			);
			defaultConfigurationIsVisible = 0;
			defaultConfigurationName = Release;
		};
/* End XCConfigurationList section */
	};
	rootObject = 7A00D84A1C3A1C4800FA1077 /* Project object */;
}
